// !$*UTF8*$!
{
	archiveVersion = 1;
	classes = {
	};
	objectVersion = 46;
	objects = {

/* Begin PBXBuildFile section */
		310D5BE71D9586B50000BF8A /* Podfile in Resources */ = {isa = PBXBuildFile; fileRef = 310D5BE61D9586B50000BF8A /* Podfile */; };
		310D5BE91D958C120000BF8A /* Constants.swift in Sources */ = {isa = PBXBuildFile; fileRef = 310D5BE81D958C120000BF8A /* Constants.swift */; };
		310D5BEB1D958EF50000BF8A /* CurrentWeather.swift in Sources */ = {isa = PBXBuildFile; fileRef = 310D5BEA1D958EF50000BF8A /* CurrentWeather.swift */; };
		310D5BED1D95A0460000BF8A /* Forecast.swift in Sources */ = {isa = PBXBuildFile; fileRef = 310D5BEC1D95A0460000BF8A /* Forecast.swift */; };
		310D5BEF1D961D910000BF8A /* WeatherTableViewCell.swift in Sources */ = {isa = PBXBuildFile; fileRef = 310D5BEE1D961D910000BF8A /* WeatherTableViewCell.swift */; };
		310D5BF11D962AF30000BF8A /* Location.swift in Sources */ = {isa = PBXBuildFile; fileRef = 310D5BF01D962AF30000BF8A /* Location.swift */; };
		846CC77D1D9523F700530722 /* AppDelegate.swift in Sources */ = {isa = PBXBuildFile; fileRef = 846CC77C1D9523F700530722 /* AppDelegate.swift */; };
		846CC77F1D9523F700530722 /* ViewController.swift in Sources */ = {isa = PBXBuildFile; fileRef = 846CC77E1D9523F700530722 /* ViewController.swift */; };
		846CC7821D9523F700530722 /* Main.storyboard in Resources */ = {isa = PBXBuildFile; fileRef = 846CC7801D9523F700530722 /* Main.storyboard */; };
		846CC7841D9523F700530722 /* Assets.xcassets in Resources */ = {isa = PBXBuildFile; fileRef = 846CC7831D9523F700530722 /* Assets.xcassets */; };
		846CC7871D9523F700530722 /* LaunchScreen.storyboard in Resources */ = {isa = PBXBuildFile; fileRef = 846CC7851D9523F700530722 /* LaunchScreen.storyboard */; };
		846CC7921D9523F700530722 /* WeaterA1Tests.swift in Sources */ = {isa = PBXBuildFile; fileRef = 846CC7911D9523F700530722 /* WeaterA1Tests.swift */; };
		846CC79D1D9523F700530722 /* WeaterA1UITests.swift in Sources */ = {isa = PBXBuildFile; fileRef = 846CC79C1D9523F700530722 /* WeaterA1UITests.swift */; };
		D616C10004AFA7658FD3241B /* Pods_WeaterA1.framework in Frameworks */ = {isa = PBXBuildFile; fileRef = 6F7060D3F3534A9209A56981 /* Pods_WeaterA1.framework */; };
/* End PBXBuildFile section */

/* Begin PBXContainerItemProxy section */
		846CC78E1D9523F700530722 /* PBXContainerItemProxy */ = {
			isa = PBXContainerItemProxy;
			containerPortal = 846CC7711D9523F700530722 /* Project object */;
			proxyType = 1;
			remoteGlobalIDString = 846CC7781D9523F700530722;
			remoteInfo = WeaterA1;
		};
		846CC7991D9523F700530722 /* PBXContainerItemProxy */ = {
			isa = PBXContainerItemProxy;
			containerPortal = 846CC7711D9523F700530722 /* Project object */;
			proxyType = 1;
			remoteGlobalIDString = 846CC7781D9523F700530722;
			remoteInfo = WeaterA1;
		};
/* End PBXContainerItemProxy section */

/* Begin PBXFileReference section */
		1C23F40A2E2E481CE8A37326 /* Pods-WeaterA1.release.xcconfig */ = {isa = PBXFileReference; includeInIndex = 1; lastKnownFileType = text.xcconfig; name = "Pods-WeaterA1.release.xcconfig"; path = "Pods/Target Support Files/Pods-WeaterA1/Pods-WeaterA1.release.xcconfig"; sourceTree = "<group>"; };
		310D5BE61D9586B50000BF8A /* Podfile */ = {isa = PBXFileReference; fileEncoding = 4; lastKnownFileType = text; path = Podfile; sourceTree = "<group>"; };
		310D5BE81D958C120000BF8A /* Constants.swift */ = {isa = PBXFileReference; fileEncoding = 4; lastKnownFileType = sourcecode.swift; path = Constants.swift; sourceTree = "<group>"; };
		310D5BEA1D958EF50000BF8A /* CurrentWeather.swift */ = {isa = PBXFileReference; fileEncoding = 4; lastKnownFileType = sourcecode.swift; path = CurrentWeather.swift; sourceTree = "<group>"; };
		310D5BEC1D95A0460000BF8A /* Forecast.swift */ = {isa = PBXFileReference; fileEncoding = 4; lastKnownFileType = sourcecode.swift; path = Forecast.swift; sourceTree = "<group>"; };
		310D5BEE1D961D910000BF8A /* WeatherTableViewCell.swift */ = {isa = PBXFileReference; fileEncoding = 4; lastKnownFileType = sourcecode.swift; path = WeatherTableViewCell.swift; sourceTree = "<group>"; };
		310D5BF01D962AF30000BF8A /* Location.swift */ = {isa = PBXFileReference; fileEncoding = 4; lastKnownFileType = sourcecode.swift; path = Location.swift; sourceTree = "<group>"; };
		6F7060D3F3534A9209A56981 /* Pods_WeaterA1.framework */ = {isa = PBXFileReference; explicitFileType = wrapper.framework; includeInIndex = 0; path = Pods_WeaterA1.framework; sourceTree = BUILT_PRODUCTS_DIR; };
		846CC7791D9523F700530722 /* WeaterA1.app */ = {isa = PBXFileReference; explicitFileType = wrapper.application; includeInIndex = 0; path = WeaterA1.app; sourceTree = BUILT_PRODUCTS_DIR; };
		846CC77C1D9523F700530722 /* AppDelegate.swift */ = {isa = PBXFileReference; lastKnownFileType = sourcecode.swift; path = AppDelegate.swift; sourceTree = "<group>"; };
		846CC77E1D9523F700530722 /* ViewController.swift */ = {isa = PBXFileReference; lastKnownFileType = sourcecode.swift; path = ViewController.swift; sourceTree = "<group>"; };
		846CC7811D9523F700530722 /* Base */ = {isa = PBXFileReference; lastKnownFileType = file.storyboard; name = Base; path = Base.lproj/Main.storyboard; sourceTree = "<group>"; };
		846CC7831D9523F700530722 /* Assets.xcassets */ = {isa = PBXFileReference; lastKnownFileType = folder.assetcatalog; path = Assets.xcassets; sourceTree = "<group>"; };
		846CC7861D9523F700530722 /* Base */ = {isa = PBXFileReference; lastKnownFileType = file.storyboard; name = Base; path = Base.lproj/LaunchScreen.storyboard; sourceTree = "<group>"; };
		846CC7881D9523F700530722 /* Info.plist */ = {isa = PBXFileReference; lastKnownFileType = text.plist.xml; path = Info.plist; sourceTree = "<group>"; };
		846CC78D1D9523F700530722 /* WeaterA1Tests.xctest */ = {isa = PBXFileReference; explicitFileType = wrapper.cfbundle; includeInIndex = 0; path = WeaterA1Tests.xctest; sourceTree = BUILT_PRODUCTS_DIR; };
		846CC7911D9523F700530722 /* WeaterA1Tests.swift */ = {isa = PBXFileReference; lastKnownFileType = sourcecode.swift; path = WeaterA1Tests.swift; sourceTree = "<group>"; };
		846CC7931D9523F700530722 /* Info.plist */ = {isa = PBXFileReference; lastKnownFileType = text.plist.xml; path = Info.plist; sourceTree = "<group>"; };
		846CC7981D9523F700530722 /* WeaterA1UITests.xctest */ = {isa = PBXFileReference; explicitFileType = wrapper.cfbundle; includeInIndex = 0; path = WeaterA1UITests.xctest; sourceTree = BUILT_PRODUCTS_DIR; };
		846CC79C1D9523F700530722 /* WeaterA1UITests.swift */ = {isa = PBXFileReference; lastKnownFileType = sourcecode.swift; path = WeaterA1UITests.swift; sourceTree = "<group>"; };
		846CC79E1D9523F700530722 /* Info.plist */ = {isa = PBXFileReference; lastKnownFileType = text.plist.xml; path = Info.plist; sourceTree = "<group>"; };
		F550B6B3F7E9F3017035591D /* Pods-WeaterA1.debug.xcconfig */ = {isa = PBXFileReference; includeInIndex = 1; lastKnownFileType = text.xcconfig; name = "Pods-WeaterA1.debug.xcconfig"; path = "Pods/Target Support Files/Pods-WeaterA1/Pods-WeaterA1.debug.xcconfig"; sourceTree = "<group>"; };
/* End PBXFileReference section */

/* Begin PBXFrameworksBuildPhase section */
		846CC7761D9523F700530722 /* Frameworks */ = {
			isa = PBXFrameworksBuildPhase;
			buildActionMask = 2147483647;
			files = (
				D616C10004AFA7658FD3241B /* Pods_WeaterA1.framework in Frameworks */,
			);
			runOnlyForDeploymentPostprocessing = 0;
		};
		846CC78A1D9523F700530722 /* Frameworks */ = {
			isa = PBXFrameworksBuildPhase;
			buildActionMask = 2147483647;
			files = (
			);
			runOnlyForDeploymentPostprocessing = 0;
		};
		846CC7951D9523F700530722 /* Frameworks */ = {
			isa = PBXFrameworksBuildPhase;
			buildActionMask = 2147483647;
			files = (
			);
			runOnlyForDeploymentPostprocessing = 0;
		};
/* End PBXFrameworksBuildPhase section */

/* Begin PBXGroup section */
		4DCA6DF7330D4E9017E99919 /* Frameworks */ = {
			isa = PBXGroup;
			children = (
				6F7060D3F3534A9209A56981 /* Pods_WeaterA1.framework */,
			);
			name = Frameworks;
			sourceTree = "<group>";
		};
		846CC7701D9523F700530722 = {
			isa = PBXGroup;
			children = (
				310D5BE61D9586B50000BF8A /* Podfile */,
				846CC77B1D9523F700530722 /* WeaterA1 */,
				846CC7901D9523F700530722 /* WeaterA1Tests */,
				846CC79B1D9523F700530722 /* WeaterA1UITests */,
				846CC77A1D9523F700530722 /* Products */,
				C2BB627B44AFBD2041D0C054 /* Pods */,
				4DCA6DF7330D4E9017E99919 /* Frameworks */,
			);
			sourceTree = "<group>";
		};
		846CC77A1D9523F700530722 /* Products */ = {
			isa = PBXGroup;
			children = (
				846CC7791D9523F700530722 /* WeaterA1.app */,
				846CC78D1D9523F700530722 /* WeaterA1Tests.xctest */,
				846CC7981D9523F700530722 /* WeaterA1UITests.xctest */,
			);
			name = Products;
			sourceTree = "<group>";
		};
		846CC77B1D9523F700530722 /* WeaterA1 */ = {
			isa = PBXGroup;
			children = (
				846CC77C1D9523F700530722 /* AppDelegate.swift */,
				846CC77E1D9523F700530722 /* ViewController.swift */,
				310D5BEE1D961D910000BF8A /* WeatherTableViewCell.swift */,
				846CC7801D9523F700530722 /* Main.storyboard */,
				846CC7831D9523F700530722 /* Assets.xcassets */,
				846CC7851D9523F700530722 /* LaunchScreen.storyboard */,
				846CC7881D9523F700530722 /* Info.plist */,
				310D5BE81D958C120000BF8A /* Constants.swift */,
				310D5BEA1D958EF50000BF8A /* CurrentWeather.swift */,
				310D5BEC1D95A0460000BF8A /* Forecast.swift */,
				310D5BF01D962AF30000BF8A /* Location.swift */,
			);
			path = WeaterA1;
			sourceTree = "<group>";
		};
		846CC7901D9523F700530722 /* WeaterA1Tests */ = {
			isa = PBXGroup;
			children = (
				846CC7911D9523F700530722 /* WeaterA1Tests.swift */,
				846CC7931D9523F700530722 /* Info.plist */,
			);
			path = WeaterA1Tests;
			sourceTree = "<group>";
		};
		846CC79B1D9523F700530722 /* WeaterA1UITests */ = {
			isa = PBXGroup;
			children = (
				846CC79C1D9523F700530722 /* WeaterA1UITests.swift */,
				846CC79E1D9523F700530722 /* Info.plist */,
			);
			path = WeaterA1UITests;
			sourceTree = "<group>";
		};
		C2BB627B44AFBD2041D0C054 /* Pods */ = {
			isa = PBXGroup;
			children = (
				F550B6B3F7E9F3017035591D /* Pods-WeaterA1.debug.xcconfig */,
				1C23F40A2E2E481CE8A37326 /* Pods-WeaterA1.release.xcconfig */,
			);
			name = Pods;
			sourceTree = "<group>";
		};
/* End PBXGroup section */

/* Begin PBXNativeTarget section */
		846CC7781D9523F700530722 /* WeaterA1 */ = {
			isa = PBXNativeTarget;
			buildConfigurationList = 846CC7A11D9523F700530722 /* Build configuration list for PBXNativeTarget "WeaterA1" */;
			buildPhases = (
				18053A2EB5B740C2932CF42F /* Check Pods Manifest.lock */,
				846CC7751D9523F700530722 /* Sources */,
				846CC7761D9523F700530722 /* Frameworks */,
				846CC7771D9523F700530722 /* Resources */,
				E7ED1374C397278CCD5B1B4E /* Embed Pods Frameworks */,
				1B56A0B00C1FA0B78B7D317A /* Copy Pods Resources */,
			);
			buildRules = (
			);
			dependencies = (
			);
			name = WeaterA1;
			productName = WeaterA1;
			productReference = 846CC7791D9523F700530722 /* WeaterA1.app */;
			productType = "com.apple.product-type.application";
		};
		846CC78C1D9523F700530722 /* WeaterA1Tests */ = {
			isa = PBXNativeTarget;
			buildConfigurationList = 846CC7A41D9523F700530722 /* Build configuration list for PBXNativeTarget "WeaterA1Tests" */;
			buildPhases = (
				846CC7891D9523F700530722 /* Sources */,
				846CC78A1D9523F700530722 /* Frameworks */,
				846CC78B1D9523F700530722 /* Resources */,
			);
			buildRules = (
			);
			dependencies = (
				846CC78F1D9523F700530722 /* PBXTargetDependency */,
			);
			name = WeaterA1Tests;
			productName = WeaterA1Tests;
			productReference = 846CC78D1D9523F700530722 /* WeaterA1Tests.xctest */;
			productType = "com.apple.product-type.bundle.unit-test";
		};
		846CC7971D9523F700530722 /* WeaterA1UITests */ = {
			isa = PBXNativeTarget;
			buildConfigurationList = 846CC7A71D9523F700530722 /* Build configuration list for PBXNativeTarget "WeaterA1UITests" */;
			buildPhases = (
				846CC7941D9523F700530722 /* Sources */,
				846CC7951D9523F700530722 /* Frameworks */,
				846CC7961D9523F700530722 /* Resources */,
			);
			buildRules = (
			);
			dependencies = (
				846CC79A1D9523F700530722 /* PBXTargetDependency */,
			);
			name = WeaterA1UITests;
			productName = WeaterA1UITests;
			productReference = 846CC7981D9523F700530722 /* WeaterA1UITests.xctest */;
			productType = "com.apple.product-type.bundle.ui-testing";
		};
/* End PBXNativeTarget section */

/* Begin PBXProject section */
		846CC7711D9523F700530722 /* Project object */ = {
			isa = PBXProject;
			attributes = {
				LastSwiftUpdateCheck = 0800;
				LastUpgradeCheck = 0800;
				ORGANIZATIONNAME = All2Sale;
				TargetAttributes = {
					846CC7781D9523F700530722 = {
						CreatedOnToolsVersion = 8.0;
						DevelopmentTeam = W6X8G863UY;
						ProvisioningStyle = Automatic;
					};
					846CC78C1D9523F700530722 = {
						CreatedOnToolsVersion = 8.0;
						ProvisioningStyle = Automatic;
						TestTargetID = 846CC7781D9523F700530722;
					};
					846CC7971D9523F700530722 = {
						CreatedOnToolsVersion = 8.0;
						ProvisioningStyle = Automatic;
						TestTargetID = 846CC7781D9523F700530722;
					};
				};
			};
			buildConfigurationList = 846CC7741D9523F700530722 /* Build configuration list for PBXProject "WeaterA1" */;
			compatibilityVersion = "Xcode 3.2";
			developmentRegion = English;
			hasScannedForEncodings = 0;
			knownRegions = (
				en,
				Base,
			);
			mainGroup = 846CC7701D9523F700530722;
			productRefGroup = 846CC77A1D9523F700530722 /* Products */;
			projectDirPath = "";
			projectRoot = "";
			targets = (
				846CC7781D9523F700530722 /* WeaterA1 */,
				846CC78C1D9523F700530722 /* WeaterA1Tests */,
				846CC7971D9523F700530722 /* WeaterA1UITests */,
			);
		};
/* End PBXProject section */

/* Begin PBXResourcesBuildPhase section */
		846CC7771D9523F700530722 /* Resources */ = {
			isa = PBXResourcesBuildPhase;
			buildActionMask = 2147483647;
			files = (
				846CC7871D9523F700530722 /* LaunchScreen.storyboard in Resources */,
				846CC7841D9523F700530722 /* Assets.xcassets in Resources */,
				310D5BE71D9586B50000BF8A /* Podfile in Resources */,
				846CC7821D9523F700530722 /* Main.storyboard in Resources */,
			);
			runOnlyForDeploymentPostprocessing = 0;
		};
		846CC78B1D9523F700530722 /* Resources */ = {
			isa = PBXResourcesBuildPhase;
			buildActionMask = 2147483647;
			files = (
			);
			runOnlyForDeploymentPostprocessing = 0;
		};
		846CC7961D9523F700530722 /* Resources */ = {
			isa = PBXResourcesBuildPhase;
			buildActionMask = 2147483647;
			files = (
			);
			runOnlyForDeploymentPostprocessing = 0;
		};
/* End PBXResourcesBuildPhase section */

/* Begin PBXShellScriptBuildPhase section */
		18053A2EB5B740C2932CF42F /* Check Pods Manifest.lock */ = {
			isa = PBXShellScriptBuildPhase;
			buildActionMask = 2147483647;
			files = (
			);
			inputPaths = (
			);
			name = "Check Pods Manifest.lock";
			outputPaths = (
			);
			runOnlyForDeploymentPostprocessing = 0;
			shellPath = /bin/sh;
			shellScript = "diff \"${PODS_ROOT}/../Podfile.lock\" \"${PODS_ROOT}/Manifest.lock\" > /dev/null\nif [[ $? != 0 ]] ; then\n    cat << EOM\nerror: The sandbox is not in sync with the Podfile.lock. Run 'pod install' or update your CocoaPods installation.\nEOM\n    exit 1\nfi\n";
			showEnvVarsInLog = 0;
		};
		1B56A0B00C1FA0B78B7D317A /* Copy Pods Resources */ = {
			isa = PBXShellScriptBuildPhase;
			buildActionMask = 2147483647;
			files = (
			);
			inputPaths = (
			);
			name = "Copy Pods Resources";
			outputPaths = (
			);
			runOnlyForDeploymentPostprocessing = 0;
			shellPath = /bin/sh;
			shellScript = "\"${SRCROOT}/Pods/Target Support Files/Pods-WeaterA1/Pods-WeaterA1-resources.sh\"\n";
			showEnvVarsInLog = 0;
		};
		E7ED1374C397278CCD5B1B4E /* Embed Pods Frameworks */ = {
			isa = PBXShellScriptBuildPhase;
			buildActionMask = 2147483647;
			files = (
			);
			inputPaths = (
			);
			name = "Embed Pods Frameworks";
			outputPaths = (
			);
			runOnlyForDeploymentPostprocessing = 0;
			shellPath = /bin/sh;
			shellScript = "\"${SRCROOT}/Pods/Target Support Files/Pods-WeaterA1/Pods-WeaterA1-frameworks.sh\"\n";
			showEnvVarsInLog = 0;
		};
/* End PBXShellScriptBuildPhase section */

/* Begin PBXSourcesBuildPhase section */
		846CC7751D9523F700530722 /* Sources */ = {
			isa = PBXSourcesBuildPhase;
			buildActionMask = 2147483647;
			files = (
				310D5BEF1D961D910000BF8A /* WeatherTableViewCell.swift in Sources */,
				846CC77F1D9523F700530722 /* ViewController.swift in Sources */,
				846CC77D1D9523F700530722 /* AppDelegate.swift in Sources */,
				310D5BEB1D958EF50000BF8A /* CurrentWeather.swift in Sources */,
				310D5BE91D958C120000BF8A /* Constants.swift in Sources */,
				310D5BED1D95A0460000BF8A /* Forecast.swift in Sources */,
				310D5BF11D962AF30000BF8A /* Location.swift in Sources */,
			);
			runOnlyForDeploymentPostprocessing = 0;
		};
		846CC7891D9523F700530722 /* Sources */ = {
			isa = PBXSourcesBuildPhase;
			buildActionMask = 2147483647;
			files = (
				846CC7921D9523F700530722 /* WeaterA1Tests.swift in Sources */,
			);
			runOnlyForDeploymentPostprocessing = 0;
		};
		846CC7941D9523F700530722 /* Sources */ = {
			isa = PBXSourcesBuildPhase;
			buildActionMask = 2147483647;
			files = (
				846CC79D1D9523F700530722 /* WeaterA1UITests.swift in Sources */,
			);
			runOnlyForDeploymentPostprocessing = 0;
		};
/* End PBXSourcesBuildPhase section */

/* Begin PBXTargetDependency section */
		846CC78F1D9523F700530722 /* PBXTargetDependency */ = {
			isa = PBXTargetDependency;
			target = 846CC7781D9523F700530722 /* WeaterA1 */;
			targetProxy = 846CC78E1D9523F700530722 /* PBXContainerItemProxy */;
		};
		846CC79A1D9523F700530722 /* PBXTargetDependency */ = {
			isa = PBXTargetDependency;
			target = 846CC7781D9523F700530722 /* WeaterA1 */;
			targetProxy = 846CC7991D9523F700530722 /* PBXContainerItemProxy */;
		};
/* End PBXTargetDependency section */

/* Begin PBXVariantGroup section */
		846CC7801D9523F700530722 /* Main.storyboard */ = {
			isa = PBXVariantGroup;
			children = (
				846CC7811D9523F700530722 /* Base */,
			);
			name = Main.storyboard;
			sourceTree = "<group>";
		};
		846CC7851D9523F700530722 /* LaunchScreen.storyboard */ = {
			isa = PBXVariantGroup;
			children = (
				846CC7861D9523F700530722 /* Base */,
			);
			name = LaunchScreen.storyboard;
			sourceTree = "<group>";
		};
/* End PBXVariantGroup section */

/* Begin XCBuildConfiguration section */
		846CC79F1D9523F700530722 /* Debug */ = {
			isa = XCBuildConfiguration;
			buildSettings = {
				ALWAYS_SEARCH_USER_PATHS = NO;
				CLANG_ANALYZER_NONNULL = YES;
				CLANG_CXX_LANGUAGE_STANDARD = "gnu++0x";
				CLANG_CXX_LIBRARY = "libc++";
				CLANG_ENABLE_MODULES = YES;
				CLANG_ENABLE_OBJC_ARC = YES;
				CLANG_WARN_BOOL_CONVERSION = YES;
				CLANG_WARN_CONSTANT_CONVERSION = YES;
				CLANG_WARN_DIRECT_OBJC_ISA_USAGE = YES_ERROR;
				CLANG_WARN_DOCUMENTATION_COMMENTS = YES;
				CLANG_WARN_EMPTY_BODY = YES;
				CLANG_WARN_ENUM_CONVERSION = YES;
				CLANG_WARN_INFINITE_RECURSION = YES;
				CLANG_WARN_INT_CONVERSION = YES;
				CLANG_WARN_OBJC_ROOT_CLASS = YES_ERROR;
				CLANG_WARN_SUSPICIOUS_MOVES = YES;
				CLANG_WARN_UNREACHABLE_CODE = YES;
				CLANG_WARN__DUPLICATE_METHOD_MATCH = YES;
				"CODE_SIGN_IDENTITY[sdk=iphoneos*]" = "iPhone Developer";
				COPY_PHASE_STRIP = NO;
				DEBUG_INFORMATION_FORMAT = dwarf;
				ENABLE_STRICT_OBJC_MSGSEND = YES;
				ENABLE_TESTABILITY = YES;
				GCC_C_LANGUAGE_STANDARD = gnu99;
				GCC_DYNAMIC_NO_PIC = NO;
				GCC_NO_COMMON_BLOCKS = YES;
				GCC_OPTIMIZATION_LEVEL = 0;
				GCC_PREPROCESSOR_DEFINITIONS = (
					"DEBUG=1",
					"$(inherited)",
				);
				GCC_WARN_64_TO_32_BIT_CONVERSION = YES;
				GCC_WARN_ABOUT_RETURN_TYPE = YES_ERROR;
				GCC_WARN_UNDECLARED_SELECTOR = YES;
				GCC_WARN_UNINITIALIZED_AUTOS = YES_AGGRESSIVE;
				GCC_WARN_UNUSED_FUNCTION = YES;
				GCC_WARN_UNUSED_VARIABLE = YES;
				IPHONEOS_DEPLOYMENT_TARGET = 10.0;
				MTL_ENABLE_DEBUG_INFO = YES;
				ONLY_ACTIVE_ARCH = YES;
				SDKROOT = iphoneos;
				SWIFT_ACTIVE_COMPILATION_CONDITIONS = DEBUG;
				SWIFT_OPTIMIZATION_LEVEL = "-Onone";
			};
			name = Debug;
		};
		846CC7A01D9523F700530722 /* Release */ = {
			isa = XCBuildConfiguration;
			buildSettings = {
				ALWAYS_SEARCH_USER_PATHS = NO;
				CLANG_ANALYZER_NONNULL = YES;
				CLANG_CXX_LANGUAGE_STANDARD = "gnu++0x";
				CLANG_CXX_LIBRARY = "libc++";
				CLANG_ENABLE_MODULES = YES;
				CLANG_ENABLE_OBJC_ARC = YES;
				CLANG_WARN_BOOL_CONVERSION = YES;
				CLANG_WARN_CONSTANT_CONVERSION = YES;
				CLANG_WARN_DIRECT_OBJC_ISA_USAGE = YES_ERROR;
				CLANG_WARN_DOCUMENTATION_COMMENTS = YES;
				CLANG_WARN_EMPTY_BODY = YES;
				CLANG_WARN_ENUM_CONVERSION = YES;
				CLANG_WARN_INFINITE_RECURSION = YES;
				CLANG_WARN_INT_CONVERSION = YES;
				CLANG_WARN_OBJC_ROOT_CLASS = YES_ERROR;
				CLANG_WARN_SUSPICIOUS_MOVES = YES;
				CLANG_WARN_UNREACHABLE_CODE = YES;
				CLANG_WARN__DUPLICATE_METHOD_MATCH = YES;
				"CODE_SIGN_IDENTITY[sdk=iphoneos*]" = "iPhone Developer";
				COPY_PHASE_STRIP = NO;
				DEBUG_INFORMATION_FORMAT = "dwarf-with-dsym";
				ENABLE_NS_ASSERTIONS = NO;
				ENABLE_STRICT_OBJC_MSGSEND = YES;
				GCC_C_LANGUAGE_STANDARD = gnu99;
				GCC_NO_COMMON_BLOCKS = YES;
				GCC_WARN_64_TO_32_BIT_CONVERSION = YES;
				GCC_WARN_ABOUT_RETURN_TYPE = YES_ERROR;
				GCC_WARN_UNDECLARED_SELECTOR = YES;
				GCC_WARN_UNINITIALIZED_AUTOS = YES_AGGRESSIVE;
				GCC_WARN_UNUSED_FUNCTION = YES;
				GCC_WARN_UNUSED_VARIABLE = YES;
				IPHONEOS_DEPLOYMENT_TARGET = 10.0;
				MTL_ENABLE_DEBUG_INFO = NO;
				SDKROOT = iphoneos;
				SWIFT_OPTIMIZATION_LEVEL = "-Owholemodule";
				VALIDATE_PRODUCT = YES;
			};
			name = Release;
		};
		846CC7A21D9523F700530722 /* Debug */ = {
			isa = XCBuildConfiguration;
			baseConfigurationReference = F550B6B3F7E9F3017035591D /* Pods-WeaterA1.debug.xcconfig */;
			buildSettings = {
				ASSETCATALOG_COMPILER_APPICON_NAME = AppIcon;
				DEVELOPMENT_TEAM = W6X8G863UY;
				INFOPLIST_FILE = WeaterA1/Info.plist;
				LD_RUNPATH_SEARCH_PATHS = "$(inherited) @executable_path/Frameworks";
				PRODUCT_BUNDLE_IDENTIFIER = com.all2sale.WeaterA1;
				PRODUCT_NAME = "$(TARGET_NAME)";
				SWIFT_VERSION = 3.0;
			};
			name = Debug;
		};
		846CC7A31D9523F700530722 /* Release */ = {
			isa = XCBuildConfiguration;
			baseConfigurationReference = 1C23F40A2E2E481CE8A37326 /* Pods-WeaterA1.release.xcconfig */;
			buildSettings = {
				ASSETCATALOG_COMPILER_APPICON_NAME = AppIcon;
				DEVELOPMENT_TEAM = W6X8G863UY;
				INFOPLIST_FILE = WeaterA1/Info.plist;
				LD_RUNPATH_SEARCH_PATHS = "$(inherited) @executable_path/Frameworks";
				PRODUCT_BUNDLE_IDENTIFIER = com.all2sale.WeaterA1;
				PRODUCT_NAME = "$(TARGET_NAME)";
				SWIFT_VERSION = 3.0;
			};
			name = Release;
		};
		846CC7A51D9523F700530722 /* Debug */ = {
			isa = XCBuildConfiguration;
			buildSettings = {
				ALWAYS_EMBED_SWIFT_STANDARD_LIBRARIES = YES;
				BUNDLE_LOADER = "$(TEST_HOST)";
				INFOPLIST_FILE = WeaterA1Tests/Info.plist;
				LD_RUNPATH_SEARCH_PATHS = "$(inherited) @executable_path/Frameworks @loader_path/Frameworks";
				PRODUCT_BUNDLE_IDENTIFIER = com.all2sale.WeaterA1Tests;
				PRODUCT_NAME = "$(TARGET_NAME)";
				SWIFT_VERSION = 3.0;
				TEST_HOST = "$(BUILT_PRODUCTS_DIR)/WeaterA1.app/WeaterA1";
			};
			name = Debug;
		};
		846CC7A61D9523F700530722 /* Release */ = {
			isa = XCBuildConfiguration;
			buildSettings = {
				ALWAYS_EMBED_SWIFT_STANDARD_LIBRARIES = YES;
				BUNDLE_LOADER = "$(TEST_HOST)";
				INFOPLIST_FILE = WeaterA1Tests/Info.plist;
				LD_RUNPATH_SEARCH_PATHS = "$(inherited) @executable_path/Frameworks @loader_path/Frameworks";
				PRODUCT_BUNDLE_IDENTIFIER = com.all2sale.WeaterA1Tests;
				PRODUCT_NAME = "$(TARGET_NAME)";
				SWIFT_VERSION = 3.0;
				TEST_HOST = "$(BUILT_PRODUCTS_DIR)/WeaterA1.app/WeaterA1";
			};
			name = Release;
		};
		846CC7A81D9523F700530722 /* Debug */ = {
			isa = XCBuildConfiguration;
			buildSettings = {
				ALWAYS_EMBED_SWIFT_STANDARD_LIBRARIES = YES;
				INFOPLIST_FILE = WeaterA1UITests/Info.plist;
				LD_RUNPATH_SEARCH_PATHS = "$(inherited) @executable_path/Frameworks @loader_path/Frameworks";
				PRODUCT_BUNDLE_IDENTIFIER = com.all2sale.WeaterA1UITests;
				PRODUCT_NAME = "$(TARGET_NAME)";
				SWIFT_VERSION = 3.0;
				TEST_TARGET_NAME = WeaterA1;
			};
			name = Debug;
		};
		846CC7A91D9523F700530722 /* Release */ = {
			isa = XCBuildConfiguration;
			buildSettings = {
				ALWAYS_EMBED_SWIFT_STANDARD_LIBRARIES = YES;
				INFOPLIST_FILE = WeaterA1UITests/Info.plist;
				LD_RUNPATH_SEARCH_PATHS = "$(inherited) @executable_path/Frameworks @loader_path/Frameworks";
				PRODUCT_BUNDLE_IDENTIFIER = com.all2sale.WeaterA1UITests;
				PRODUCT_NAME = "$(TARGET_NAME)";
				SWIFT_VERSION = 3.0;
				TEST_TARGET_NAME = WeaterA1;
			};
			name = Release;
		};
/* End XCBuildConfiguration section */

/* Begin XCConfigurationList section */
		846CC7741D9523F700530722 /* Build configuration list for PBXProject "WeaterA1" */ = {
			isa = XCConfigurationList;
			buildConfigurations = (
				846CC79F1D9523F700530722 /* Debug */,
				846CC7A01D9523F700530722 /* Release */,
			);
			defaultConfigurationIsVisible = 0;
			defaultConfigurationName = Release;
		};
		846CC7A11D9523F700530722 /* Build configuration list for PBXNativeTarget "WeaterA1" */ = {
			isa = XCConfigurationList;
			buildConfigurations = (
				846CC7A21D9523F700530722 /* Debug */,
				846CC7A31D9523F700530722 /* Release */,
			);
			defaultConfigurationIsVisible = 0;
			defaultConfigurationName = Release;
		};
		846CC7A41D9523F700530722 /* Build configuration list for PBXNativeTarget "WeaterA1Tests" */ = {
			isa = XCConfigurationList;
			buildConfigurations = (
				846CC7A51D9523F700530722 /* Debug */,
				846CC7A61D9523F700530722 /* Release */,
			);
			defaultConfigurationIsVisible = 0;
			defaultConfigurationName = Release;
		};
		846CC7A71D9523F700530722 /* Build configuration list for PBXNativeTarget "WeaterA1UITests" */ = {
			isa = XCConfigurationList;
			buildConfigurations = (
				846CC7A81D9523F700530722 /* Debug */,
				846CC7A91D9523F700530722 /* Release */,
			);
			defaultConfigurationIsVisible = 0;
			defaultConfigurationName = Release;
		};
/* End XCConfigurationList section */
	};
	rootObject = 846CC7711D9523F700530722 /* Project object */;
}
